
Microsoft Visual Studio Solution File, Format Version 12.00
# Visual Studio Version 17
VisualStudioVersion = 17.11.35312.102
MinimumVisualStudioVersion = 10.0.40219.1
Project("{2150E333-8FDC-42A3-9474-1A3956D46DE8}") = "src", "src", "{7783EAD6-5C21-46A0-8F1F-6F5E064D143F}"
EndProject
Project("{2150E333-8FDC-42A3-9474-1A3956D46DE8}") = "test", "test", "{8474936A-2E61-44AE-8425-8BDD927B2ACC}"
EndProject
Project("{2150E333-8FDC-42A3-9474-1A3956D46DE8}") = "API", "API", "{92766AC7-DA7C-4332-9E47-0E87C5C2D65A}"
EndProject
Project("{2150E333-8FDC-42A3-9474-1A3956D46DE8}") = "Core", "Core", "{E9BB0973-85D7-4176-8CF9-E05286CA2163}"
EndProject
Project("{2150E333-8FDC-42A3-9474-1A3956D46DE8}") = "Infrastructure", "Infrastructure", "{77461175-374E-4D17-8C0C-EAEAC0F6CBFD}"
EndProject
Project("{2150E333-8FDC-42A3-9474-1A3956D46DE8}") = "UI", "UI", "{02EAACFB-EA2C-481D-9D45-BCAAD411B418}"
EndProject
Project("{FAE04EC0-301F-11D3-BF4B-00C04F79EFBC}") = "BingSafety.Domain", "BingSafety.Domain\BingSafety.Domain.csproj", "{2C5985E1-D888-462B-9B6D-BC9843E6B5D7}"
EndProject
Project("{FAE04EC0-301F-11D3-BF4B-00C04F79EFBC}") = "BingSafety.Application", "BingSafety.Application\BingSafety.Application.csproj", "{0CE821F2-9D1F-472D-BEAA-2340CB1BB67F}"
EndProject
Global
	GlobalSection(SolutionConfigurationPlatforms) = preSolution
		Debug|Any CPU = Debug|Any CPU
		Release|Any CPU = Release|Any CPU
	EndGlobalSection
	GlobalSection(ProjectConfigurationPlatforms) = postSolution
		{2C5985E1-D888-462B-9B6D-BC9843E6B5D7}.Debug|Any CPU.ActiveCfg = Debug|Any CPU
		{2C5985E1-D888-462B-9B6D-BC9843E6B5D7}.Debug|Any CPU.Build.0 = Debug|Any CPU
		{2C5985E1-D888-462B-9B6D-BC9843E6B5D7}.Release|Any CPU.ActiveCfg = Release|Any CPU
		{2C5985E1-D888-462B-9B6D-BC9843E6B5D7}.Release|Any CPU.Build.0 = Release|Any CPU
		{0CE821F2-9D1F-472D-BEAA-2340CB1BB67F}.Debug|Any CPU.ActiveCfg = Debug|Any CPU
		{0CE821F2-9D1F-472D-BEAA-2340CB1BB67F}.Debug|Any CPU.Build.0 = Debug|Any CPU
		{0CE821F2-9D1F-472D-BEAA-2340CB1BB67F}.Release|Any CPU.ActiveCfg = Release|Any CPU
		{0CE821F2-9D1F-472D-BEAA-2340CB1BB67F}.Release|Any CPU.Build.0 = Release|Any CPU
	EndGlobalSection
	GlobalSection(SolutionProperties) = preSolution
		HideSolutionNode = FALSE
	EndGlobalSection
	GlobalSection(NestedProjects) = preSolution
		{92766AC7-DA7C-4332-9E47-0E87C5C2D65A} = {7783EAD6-5C21-46A0-8F1F-6F5E064D143F}
		{E9BB0973-85D7-4176-8CF9-E05286CA2163} = {7783EAD6-5C21-46A0-8F1F-6F5E064D143F}
		{77461175-374E-4D17-8C0C-EAEAC0F6CBFD} = {7783EAD6-5C21-46A0-8F1F-6F5E064D143F}
		{02EAACFB-EA2C-481D-9D45-BCAAD411B418} = {7783EAD6-5C21-46A0-8F1F-6F5E064D143F}
		{2C5985E1-D888-462B-9B6D-BC9843E6B5D7} = {E9BB0973-85D7-4176-8CF9-E05286CA2163}
		{0CE821F2-9D1F-472D-BEAA-2340CB1BB67F} = {E9BB0973-85D7-4176-8CF9-E05286CA2163}
	EndGlobalSection
	GlobalSection(ExtensibilityGlobals) = postSolution
		SolutionGuid = {089612F0-0085-4A13-B508-02C0D3C4140E}
	EndGlobalSection
EndGlobal
